#
# This file is autogenerated by pip-compile with Python 3.13
# by the following command:
#
#    ./scripts/compile-locks.sh
#
evdev==2.0.0 \
    --hash=sha256:442fb3f4c8dfc9e61e901133c356220c02d663eca8f34722e0cecdd637eba504 \
    --hash=sha256:53d4a836a9570368ae250f13e33a880bf3d0242b4a9336d583bdc5dc71cb8151 \
    --hash=sha256:8ddd252fd63c645bb15a8be724e9e724155110f7b2cc91850d423ef82d34c634
    # via hexapod (pyproject.toml)
pyserial==3.5 \
    --hash=sha256:3c77e014170dfffbd816e6ffc205e9842efb10be9f58ec16d3e8675b4925cddb \
    --hash=sha256:c4451db6ba391ca6ca299fb3ec7bae67a5c55dde170964c7a14ceefec02f2cf0
    # via hexapod (pyproject.toml)
